
Microsoft Visual Studio Solution File, Format Version 12.00
# Visual Studio Version 17
VisualStudioVersion = 17.0.31903.59
MinimumVisualStudioVersion = 10.0.40219.1
Project("{FAE04EC0-301F-11D3-BF4B-00C04F79EFBC}") = "Calendarium.Web", "src\Calendarium.Web\Calendarium.Web.csproj", "{B899AA6E-95F4-4D64-9303-BC70EE21EEE5}"
EndProject
Project("{FAE04EC0-301F-11D3-BF4B-00C04F79EFBC}") = "Calendarium.Application", "src\Calendarium.Application\Calendarium.Application.csproj", "{5FEE7A5C-F591-4400-977C-BA339B9ABEA4}"
EndProject
Project("{FAE04EC0-301F-11D3-BF4B-00C04F79EFBC}") = "Calendarium.Domain", "src\Calendarium.Domain\Calendarium.Domain.csproj", "{3AECFED5-9E86-4271-BFA4-140FCA9F4715}"
EndProject
Project("{FAE04EC0-301F-11D3-BF4B-00C04F79EFBC}") = "Calendarium.Infrastructure", "src\Calendarium.Infrastructure\Calendarium.Infrastructure.csproj", "{D2DD53EB-E34B-435F-A57E-9ED1D709D217}"
EndProject
Project("{FAE04EC0-301F-11D3-BF4B-00C04F79EFBC}") = "Calendarium.UnitTests", "tests\Calendarium.UnitTests\Calendarium.UnitTests.csproj", "{F8C5FBCD-065E-47FF-B2C4-0AF207F072CF}"
EndProject
Project("{FAE04EC0-301F-11D3-BF4B-00C04F79EFBC}") = "Calendarium.IntegrationTests", "tests\Calendarium.IntegrationTests\Calendarium.IntegrationTests.csproj", "{F7B531B9-292A-4B64-9BC1-DA99EC600EB8}"
EndProject
Project("{2150E333-8FDC-42A3-9474-1A3956D46DE8}") = "Tests", "Tests", "{02EA681E-C7D8-13C7-8484-4AC65E1B71E8}"
EndProject
Project("{2150E333-8FDC-42A3-9474-1A3956D46DE8}") = "App", "App", "{CA8B83B1-49E8-45A8-82D3-9859C158EB5B}"
EndProject
Project("{FAE04EC0-301F-11D3-BF4B-00C04F79EFBC}") = "Calendarium.Shared", "src\Calendarium.Shared\Calendarium.Shared.csproj", "{E462FC65-FFF8-4119-9F8D-93A63B93FF3A}"
EndProject
Project("{2150E333-8FDC-42A3-9474-1A3956D46DE8}") = "Solution Items", "Solution Items", "{8EC462FD-D22E-90A8-E5CE-7E832BA40C5D}"
	ProjectSection(SolutionItems) = preProject
		README.md = README.md
	EndProjectSection
EndProject
Global
	GlobalSection(SolutionConfigurationPlatforms) = preSolution
		Debug|Any CPU = Debug|Any CPU
		Debug|x64 = Debug|x64
		Debug|x86 = Debug|x86
		Release|Any CPU = Release|Any CPU
		Release|x64 = Release|x64
		Release|x86 = Release|x86
	EndGlobalSection
	GlobalSection(ProjectConfigurationPlatforms) = postSolution
		{B899AA6E-95F4-4D64-9303-BC70EE21EEE5}.Debug|Any CPU.ActiveCfg = Debug|Any CPU
		{B899AA6E-95F4-4D64-9303-BC70EE21EEE5}.Debug|Any CPU.Build.0 = Debug|Any CPU
		{B899AA6E-95F4-4D64-9303-BC70EE21EEE5}.Debug|x64.ActiveCfg = Debug|Any CPU
		{B899AA6E-95F4-4D64-9303-BC70EE21EEE5}.Debug|x64.Build.0 = Debug|Any CPU
		{B899AA6E-95F4-4D64-9303-BC70EE21EEE5}.Debug|x86.ActiveCfg = Debug|Any CPU
		{B899AA6E-95F4-4D64-9303-BC70EE21EEE5}.Debug|x86.Build.0 = Debug|Any CPU
		{B899AA6E-95F4-4D64-9303-BC70EE21EEE5}.Release|Any CPU.ActiveCfg = Release|Any CPU
		{B899AA6E-95F4-4D64-9303-BC70EE21EEE5}.Release|Any CPU.Build.0 = Release|Any CPU
		{B899AA6E-95F4-4D64-9303-BC70EE21EEE5}.Release|x64.ActiveCfg = Release|Any CPU
		{B899AA6E-95F4-4D64-9303-BC70EE21EEE5}.Release|x64.Build.0 = Release|Any CPU
		{B899AA6E-95F4-4D64-9303-BC70EE21EEE5}.Release|x86.ActiveCfg = Release|Any CPU
		{B899AA6E-95F4-4D64-9303-BC70EE21EEE5}.Release|x86.Build.0 = Release|Any CPU
		{5FEE7A5C-F591-4400-977C-BA339B9ABEA4}.Debug|Any CPU.ActiveCfg = Debug|Any CPU
		{5FEE7A5C-F591-4400-977C-BA339B9ABEA4}.Debug|Any CPU.Build.0 = Debug|Any CPU
		{5FEE7A5C-F591-4400-977C-BA339B9ABEA4}.Debug|x64.ActiveCfg = Debug|Any CPU
		{5FEE7A5C-F591-4400-977C-BA339B9ABEA4}.Debug|x64.Build.0 = Debug|Any CPU
		{5FEE7A5C-F591-4400-977C-BA339B9ABEA4}.Debug|x86.ActiveCfg = Debug|Any CPU
		{5FEE7A5C-F591-4400-977C-BA339B9ABEA4}.Debug|x86.Build.0 = Debug|Any CPU
		{5FEE7A5C-F591-4400-977C-BA339B9ABEA4}.Release|Any CPU.ActiveCfg = Release|Any CPU
		{5FEE7A5C-F591-4400-977C-BA339B9ABEA4}.Release|Any CPU.Build.0 = Release|Any CPU
		{5FEE7A5C-F591-4400-977C-BA339B9ABEA4}.Release|x64.ActiveCfg = Release|Any CPU
		{5FEE7A5C-F591-4400-977C-BA339B9ABEA4}.Release|x64.Build.0 = Release|Any CPU
		{5FEE7A5C-F591-4400-977C-BA339B9ABEA4}.Release|x86.ActiveCfg = Release|Any CPU
		{5FEE7A5C-F591-4400-977C-BA339B9ABEA4}.Release|x86.Build.0 = Release|Any CPU
		{3AECFED5-9E86-4271-BFA4-140FCA9F4715}.Debug|Any CPU.ActiveCfg = Debug|Any CPU
		{3AECFED5-9E86-4271-BFA4-140FCA9F4715}.Debug|Any CPU.Build.0 = Debug|Any CPU
		{3AECFED5-9E86-4271-BFA4-140FCA9F4715}.Debug|x64.ActiveCfg = Debug|Any CPU
		{3AECFED5-9E86-4271-BFA4-140FCA9F4715}.Debug|x64.Build.0 = Debug|Any CPU
		{3AECFED5-9E86-4271-BFA4-140FCA9F4715}.Debug|x86.ActiveCfg = Debug|Any CPU
		{3AECFED5-9E86-4271-BFA4-140FCA9F4715}.Debug|x86.Build.0 = Debug|Any CPU
		{3AECFED5-9E86-4271-BFA4-140FCA9F4715}.Release|Any CPU.ActiveCfg = Release|Any CPU
		{3AECFED5-9E86-4271-BFA4-140FCA9F4715}.Release|Any CPU.Build.0 = Release|Any CPU
		{3AECFED5-9E86-4271-BFA4-140FCA9F4715}.Release|x64.ActiveCfg = Release|Any CPU
		{3AECFED5-9E86-4271-BFA4-140FCA9F4715}.Release|x64.Build.0 = Release|Any CPU
		{3AECFED5-9E86-4271-BFA4-140FCA9F4715}.Release|x86.ActiveCfg = Release|Any CPU
		{3AECFED5-9E86-4271-BFA4-140FCA9F4715}.Release|x86.Build.0 = Release|Any CPU
		{D2DD53EB-E34B-435F-A57E-9ED1D709D217}.Debug|Any CPU.ActiveCfg = Debug|Any CPU
		{D2DD53EB-E34B-435F-A57E-9ED1D709D217}.Debug|Any CPU.Build.0 = Debug|Any CPU
		{D2DD53EB-E34B-435F-A57E-9ED1D709D217}.Debug|x64.ActiveCfg = Debug|Any CPU
		{D2DD53EB-E34B-435F-A57E-9ED1D709D217}.Debug|x64.Build.0 = Debug|Any CPU
		{D2DD53EB-E34B-435F-A57E-9ED1D709D217}.Debug|x86.ActiveCfg = Debug|Any CPU
		{D2DD53EB-E34B-435F-A57E-9ED1D709D217}.Debug|x86.Build.0 = Debug|Any CPU
		{D2DD53EB-E34B-435F-A57E-9ED1D709D217}.Release|Any CPU.ActiveCfg = Release|Any CPU
		{D2DD53EB-E34B-435F-A57E-9ED1D709D217}.Release|Any CPU.Build.0 = Release|Any CPU
		{D2DD53EB-E34B-435F-A57E-9ED1D709D217}.Release|x64.ActiveCfg = Release|Any CPU
		{D2DD53EB-E34B-435F-A57E-9ED1D709D217}.Release|x64.Build.0 = Release|Any CPU
		{D2DD53EB-E34B-435F-A57E-9ED1D709D217}.Release|x86.ActiveCfg = Release|Any CPU
		{D2DD53EB-E34B-435F-A57E-9ED1D709D217}.Release|x86.Build.0 = Release|Any CPU
		{F8C5FBCD-065E-47FF-B2C4-0AF207F072CF}.Debug|Any CPU.ActiveCfg = Debug|Any CPU
		{F8C5FBCD-065E-47FF-B2C4-0AF207F072CF}.Debug|Any CPU.Build.0 = Debug|Any CPU
		{F8C5FBCD-065E-47FF-B2C4-0AF207F072CF}.Debug|x64.ActiveCfg = Debug|Any CPU
		{F8C5FBCD-065E-47FF-B2C4-0AF207F072CF}.Debug|x64.Build.0 = Debug|Any CPU
		{F8C5FBCD-065E-47FF-B2C4-0AF207F072CF}.Debug|x86.ActiveCfg = Debug|Any CPU
		{F8C5FBCD-065E-47FF-B2C4-0AF207F072CF}.Debug|x86.Build.0 = Debug|Any CPU
		{F8C5FBCD-065E-47FF-B2C4-0AF207F072CF}.Release|Any CPU.ActiveCfg = Release|Any CPU
		{F8C5FBCD-065E-47FF-B2C4-0AF207F072CF}.Release|Any CPU.Build.0 = Release|Any CPU
		{F8C5FBCD-065E-47FF-B2C4-0AF207F072CF}.Release|x64.ActiveCfg = Release|Any CPU
		{F8C5FBCD-065E-47FF-B2C4-0AF207F072CF}.Release|x64.Build.0 = Release|Any CPU
		{F8C5FBCD-065E-47FF-B2C4-0AF207F072CF}.Release|x86.ActiveCfg = Release|Any CPU
		{F8C5FBCD-065E-47FF-B2C4-0AF207F072CF}.Release|x86.Build.0 = Release|Any CPU
		{F7B531B9-292A-4B64-9BC1-DA99EC600EB8}.Debug|Any CPU.ActiveCfg = Debug|Any CPU
		{F7B531B9-292A-4B64-9BC1-DA99EC600EB8}.Debug|Any CPU.Build.0 = Debug|Any CPU
		{F7B531B9-292A-4B64-9BC1-DA99EC600EB8}.Debug|x64.ActiveCfg = Debug|Any CPU
		{F7B531B9-292A-4B64-9BC1-DA99EC600EB8}.Debug|x64.Build.0 = Debug|Any CPU
		{F7B531B9-292A-4B64-9BC1-DA99EC600EB8}.Debug|x86.ActiveCfg = Debug|Any CPU
		{F7B531B9-292A-4B64-9BC1-DA99EC600EB8}.Debug|x86.Build.0 = Debug|Any CPU
		{F7B531B9-292A-4B64-9BC1-DA99EC600EB8}.Release|Any CPU.ActiveCfg = Release|Any CPU
		{F7B531B9-292A-4B64-9BC1-DA99EC600EB8}.Release|Any CPU.Build.0 = Release|Any CPU
		{F7B531B9-292A-4B64-9BC1-DA99EC600EB8}.Release|x64.ActiveCfg = Release|Any CPU
		{F7B531B9-292A-4B64-9BC1-DA99EC600EB8}.Release|x64.Build.0 = Release|Any CPU
		{F7B531B9-292A-4B64-9BC1-DA99EC600EB8}.Release|x86.ActiveCfg = Release|Any CPU
		{F7B531B9-292A-4B64-9BC1-DA99EC600EB8}.Release|x86.Build.0 = Release|Any CPU
		{E462FC65-FFF8-4119-9F8D-93A63B93FF3A}.Debug|Any CPU.ActiveCfg = Debug|Any CPU
		{E462FC65-FFF8-4119-9F8D-93A63B93FF3A}.Debug|Any CPU.Build.0 = Debug|Any CPU
		{E462FC65-FFF8-4119-9F8D-93A63B93FF3A}.Debug|x64.ActiveCfg = Debug|Any CPU
		{E462FC65-FFF8-4119-9F8D-93A63B93FF3A}.Debug|x64.Build.0 = Debug|Any CPU
		{E462FC65-FFF8-4119-9F8D-93A63B93FF3A}.Debug|x86.ActiveCfg = Debug|Any CPU
		{E462FC65-FFF8-4119-9F8D-93A63B93FF3A}.Debug|x86.Build.0 = Debug|Any CPU
		{E462FC65-FFF8-4119-9F8D-93A63B93FF3A}.Release|Any CPU.ActiveCfg = Release|Any CPU
		{E462FC65-FFF8-4119-9F8D-93A63B93FF3A}.Release|Any CPU.Build.0 = Release|Any CPU
		{E462FC65-FFF8-4119-9F8D-93A63B93FF3A}.Release|x64.ActiveCfg = Release|Any CPU
		{E462FC65-FFF8-4119-9F8D-93A63B93FF3A}.Release|x64.Build.0 = Release|Any CPU
		{E462FC65-FFF8-4119-9F8D-93A63B93FF3A}.Release|x86.ActiveCfg = Release|Any CPU
		{E462FC65-FFF8-4119-9F8D-93A63B93FF3A}.Release|x86.Build.0 = Release|Any CPU
	EndGlobalSection
	GlobalSection(SolutionProperties) = preSolution
		HideSolutionNode = FALSE
	EndGlobalSection
	GlobalSection(NestedProjects) = preSolution
		{B899AA6E-95F4-4D64-9303-BC70EE21EEE5} = {CA8B83B1-49E8-45A8-82D3-9859C158EB5B}
		{5FEE7A5C-F591-4400-977C-BA339B9ABEA4} = {CA8B83B1-49E8-45A8-82D3-9859C158EB5B}
		{3AECFED5-9E86-4271-BFA4-140FCA9F4715} = {CA8B83B1-49E8-45A8-82D3-9859C158EB5B}
		{D2DD53EB-E34B-435F-A57E-9ED1D709D217} = {CA8B83B1-49E8-45A8-82D3-9859C158EB5B}
		{F8C5FBCD-065E-47FF-B2C4-0AF207F072CF} = {02EA681E-C7D8-13C7-8484-4AC65E1B71E8}
		{F7B531B9-292A-4B64-9BC1-DA99EC600EB8} = {02EA681E-C7D8-13C7-8484-4AC65E1B71E8}
		{E462FC65-FFF8-4119-9F8D-93A63B93FF3A} = {CA8B83B1-49E8-45A8-82D3-9859C158EB5B}
	EndGlobalSection
	GlobalSection(ExtensibilityGlobals) = postSolution
		SolutionGuid = {0250037D-1FAC-4F4F-A95D-F3E57A998180}
	EndGlobalSection
EndGlobal
